
Microsoft Visual Studio Solution File, Format Version 12.00
# Visual Studio 2013
VisualStudioVersion = 12.0.21005.1
MinimumVisualStudioVersion = 10.0.40219.1
Project("{2150E333-8FDC-42A3-9474-1A3956D46DE8}") = "Source", "Source", "{20B48F09-E78E-4A54-944D-475A46424E3C}"
	ProjectSection(SolutionItems) = preProject
		Source\TweetTracker\Views\App.config = Source\TweetTracker\Views\App.config
	EndProjectSection
EndProject
Project("{FAE04EC0-301F-11D3-BF4B-00C04F79EFBC}") = "TweetTracker", "Source\TweetTracker\TweetTracker.csproj", "{E798B131-1390-4226-8495-CE49C50952A6}"
EndProject
Project("{2150E333-8FDC-42A3-9474-1A3956D46DE8}") = "Tests", "Tests", "{41FD3346-E967-46B7-B896-4ACDA127F955}"
EndProject
Project("{FAE04EC0-301F-11D3-BF4B-00C04F79EFBC}") = "TweetTests", "Tests\TweetTests\TweetTests.csproj", "{E8CAA5D6-261E-43B8-874B-19FC20D4ABE3}"
EndProject
Project("{2150E333-8FDC-42A3-9474-1A3956D46DE8}") = "Solution Items", "Solution Items", "{6E0E60AD-3838-4B42-916B-DD8E8F48BD1D}"
EndProject
Global
	GlobalSection(SolutionConfigurationPlatforms) = preSolution
		Debug|Any CPU = Debug|Any CPU
		Debug|x86 = Debug|x86
		Release|Any CPU = Release|Any CPU
		Release|x86 = Release|x86
	EndGlobalSection
	GlobalSection(ProjectConfigurationPlatforms) = postSolution
		{E798B131-1390-4226-8495-CE49C50952A6}.Debug|Any CPU.ActiveCfg = Debug|Any CPU
		{E798B131-1390-4226-8495-CE49C50952A6}.Debug|Any CPU.Build.0 = Debug|Any CPU
		{E798B131-1390-4226-8495-CE49C50952A6}.Debug|x86.ActiveCfg = Debug|Any CPU
		{E798B131-1390-4226-8495-CE49C50952A6}.Release|Any CPU.ActiveCfg = Release|Any CPU
		{E798B131-1390-4226-8495-CE49C50952A6}.Release|Any CPU.Build.0 = Release|Any CPU
		{E798B131-1390-4226-8495-CE49C50952A6}.Release|x86.ActiveCfg = Release|Any CPU
		{E8CAA5D6-261E-43B8-874B-19FC20D4ABE3}.Debug|Any CPU.ActiveCfg = Debug|Any CPU
		{E8CAA5D6-261E-43B8-874B-19FC20D4ABE3}.Debug|Any CPU.Build.0 = Debug|Any CPU
		{E8CAA5D6-261E-43B8-874B-19FC20D4ABE3}.Debug|x86.ActiveCfg = Debug|Any CPU
		{E8CAA5D6-261E-43B8-874B-19FC20D4ABE3}.Release|Any CPU.ActiveCfg = Release|Any CPU
		{E8CAA5D6-261E-43B8-874B-19FC20D4ABE3}.Release|Any CPU.Build.0 = Release|Any CPU
		{E8CAA5D6-261E-43B8-874B-19FC20D4ABE3}.Release|x86.ActiveCfg = Release|Any CPU
	EndGlobalSection
	GlobalSection(SolutionProperties) = preSolution
		HideSolutionNode = FALSE
	EndGlobalSection
	GlobalSection(NestedProjects) = preSolution
		{E798B131-1390-4226-8495-CE49C50952A6} = {20B48F09-E78E-4A54-944D-475A46424E3C}
		{E8CAA5D6-261E-43B8-874B-19FC20D4ABE3} = {41FD3346-E967-46B7-B896-4ACDA127F955}
	EndGlobalSection
	GlobalSection(Performance) = preSolution
		HasPerformanceSessions = true
	EndGlobalSection
EndGlobal
